dependencies:
  esp_lcd_ili9488:
    component_hash: 3cdae0da82ebff20695cd0bdae4586f3941ce44ae0311e51687351f7c9790524
    dependencies:
    - name: idf
      version: '>=4.4.2'
    source:
      git: https://github.com/atanisoft/esp_lcd_ili9488.git
      path: .
      type: git
    version: 6577e7a0668cf1364b5eb1fc2115c9a367d3623e
  espressif/mpu6050:
    component_hash: d69219ccb141372b863c511749ffbeab28417ac71c205d7ed7030c308e1b6832
    dependencies:
    - name: idf
      require: private
      version: '>=4.0'
    source:
      registry_url: https://components.espressif.com/
      type: service
    version: 1.2.0
  idf:
    source:
      type: idf
    version: 5.4.2
  lvgl/lvgl:
    component_hash: d7c1ac037ae6e85d94897f807d6e7ba0946a83e720074fc95a4f6241da9f9f53
    dependencies: []
    source:
      registry_url: https://components.espressif.com/
      type: service
    version: 8.4.0
direct_dependencies:
- esp_lcd_ili9488
- espressif/mpu6050
- idf
- lvgl/lvgl
manifest_hash: a8b8f4c4a13d9f71d159acf7e5d03a19d9997ee5caffb345bfe2940049ea1efe
target: esp32s3
version: 2.0.0
